
Microsoft Visual Studio Solution File, Format Version 12.00
# Visual Studio Version 17
VisualStudioVersion = 17.0.31912.275
MinimumVisualStudioVersion = 10.0.40219.1
Project("{FAE04EC0-301F-11D3-BF4B-00C04F79EFBC}") = "ExampleNuGet", "ExampleNuGet\ExampleNuGet.csproj", "{8DE0D183-B169-4082-A3A9-604B643836C1}"
EndProject
Global
	GlobalSection(SolutionConfigurationPlatforms) = preSolution
		Debug|Any CPU = Debug|Any CPU
		Release|Any CPU = Release|Any CPU
	EndGlobalSection
	GlobalSection(ProjectConfigurationPlatforms) = postSolution
		{8DE0D183-B169-4082-A3A9-604B643836C1}.Debug|Any CPU.ActiveCfg = Debug|Any CPU
		{8DE0D183-B169-4082-A3A9-604B643836C1}.Debug|Any CPU.Build.0 = Debug|Any CPU
		{8DE0D183-B169-4082-A3A9-604B643836C1}.Release|Any CPU.ActiveCfg = Release|Any CPU
		{8DE0D183-B169-4082-A3A9-604B643836C1}.Release|Any CPU.Build.0 = Release|Any CPU
	EndGlobalSection
	GlobalSection(SolutionProperties) = preSolution
		HideSolutionNode = FALSE
	EndGlobalSection
	GlobalSection(ExtensibilityGlobals) = postSolution
		SolutionGuid = {A649A837-CB31-4B8D-84B9-E1A16FB21B12}
	EndGlobalSection
EndGlobal
